{
	"name": "@dominikcz/api-hooks",
	"version": "1.0.0",
	"lockfileVersion": 3,
	"requires": true,
	"packages": {
		"": {
			"name": "@dominikcz/api-hooks",
			"version": "1.0.0",
			"license": "MIT",
			"dependencies": {
				"@dominikcz/api-hooks": "file:"
			},
			"bin": {
				"api-post-commit": "hooks/api-post-commit.mjs",
				"api-pre-commit": "hooks/api-pre-commit.mjs"
			}
		},
		"node_modules/@dominikcz/api-hooks": {
			"resolved": "",
			"link": true
		}
	}
}
